
Microsoft Visual Studio Solution File, Format Version 12.00
# Visual Studio 15
VisualStudioVersion = 15.0.28010.2016
MinimumVisualStudioVersion = 10.0.40219.1
Project("{FAE04EC0-301F-11D3-BF4B-00C04F79EFBC}") = "WishlistLib", "ClassLibrary\WishlistLib.csproj", "{4BE570A7-F443-4113-B88C-F3297D5E5F3B}"
EndProject
Project("{FAE04EC0-301F-11D3-BF4B-00C04F79EFBC}") = "GUITest", "GUITest\GUITest.csproj", "{BF15C178-B3FC-4494-A0FA-0B4B9FD33711}"
EndProject
Global
	GlobalSection(SolutionConfigurationPlatforms) = preSolution
		Debug|Any CPU = Debug|Any CPU
		Release|Any CPU = Release|Any CPU
	EndGlobalSection
	GlobalSection(ProjectConfigurationPlatforms) = postSolution
		{4BE570A7-F443-4113-B88C-F3297D5E5F3B}.Debug|Any CPU.ActiveCfg = Debug|Any CPU
		{4BE570A7-F443-4113-B88C-F3297D5E5F3B}.Debug|Any CPU.Build.0 = Debug|Any CPU
		{4BE570A7-F443-4113-B88C-F3297D5E5F3B}.Release|Any CPU.ActiveCfg = Release|Any CPU
		{4BE570A7-F443-4113-B88C-F3297D5E5F3B}.Release|Any CPU.Build.0 = Release|Any CPU
		{BF15C178-B3FC-4494-A0FA-0B4B9FD33711}.Debug|Any CPU.ActiveCfg = Debug|Any CPU
		{BF15C178-B3FC-4494-A0FA-0B4B9FD33711}.Debug|Any CPU.Build.0 = Debug|Any CPU
		{BF15C178-B3FC-4494-A0FA-0B4B9FD33711}.Release|Any CPU.ActiveCfg = Release|Any CPU
		{BF15C178-B3FC-4494-A0FA-0B4B9FD33711}.Release|Any CPU.Build.0 = Release|Any CPU
	EndGlobalSection
	GlobalSection(SolutionProperties) = preSolution
		HideSolutionNode = FALSE
	EndGlobalSection
	GlobalSection(ExtensibilityGlobals) = postSolution
		SolutionGuid = {46D101B6-D103-44B8-8D48-B10E79B9C4D4}
	EndGlobalSection
EndGlobal
